<?xml version="1.0" encoding="utf-8"?>
<Project ToolsVersion="4.0" xmlns="http://schemas.microsoft.com/developer/msbuild/2003">
  <ItemGroup>
    <Filter Include="Source Files">
      <UniqueIdentifier>{4FC737F1-C7A5-4376-A066-2A32D752A2FF}</UniqueIdentifier>
      <Extensions>cpp;c;cc;cxx;def;odl;idl;hpj;bat;asm;asmx</Extensions>
    </Filter>
    <Filter Include="Header Files">
      <UniqueIdentifier>{93995380-89BD-4b04-88EB-625FBE52EBFB}</UniqueIdentifier>
      <Extensions>h;hh;hpp;hxx;hm;inl;inc;xsd</Extensions>
    </Filter>
    <Filter Include="Resource Files">
      <UniqueIdentifier>{67DA6AB6-F800-4c08-8B7A-83BB121AAD01}</UniqueIdentifier>
      <Extensions>rc;ico;cur;bmp;dlg;rc2;rct;bin;rgs;gif;jpg;jpeg;jpe;resx;tiff;tif;png;wav;mfcribbon-ms</Extensions>
    </Filter>
    <Filter Include="Source Files\level">
      <UniqueIdentifier>{d992c0b0-46a1-48fa-9744-eba6eeb25273}</UniqueIdentifier>
    </Filter>
    <Filter Include="Source Files\renderer">
      <UniqueIdentifier>{c46ee044-0fd7-45d1-91df-3caf6725cd18}</UniqueIdentifier>
    </Filter>
    <Filter Include="Source Files\physics">
      <UniqueIdentifier>{d1524133-a921-45de-ae4b-60d54e13ed08}</UniqueIdentifier>
    </Filter>
  </ItemGroup>
  <ItemGroup>
    <ClCompile Include="src\Main.cpp">
      <Filter>Source Files</Filter>
    </ClCompile>
    <ClCompile Include="src\level\Asteroid.cpp">
      <Filter>Source Files\level</Filter>
    </ClCompile>
    <ClCompile Include="src\level\Laser.cpp">
      <Filter>Source Files\level</Filter>
    </ClCompile>
    <ClCompile Include="src\level\LevelManager.cpp">
      <Filter>Source Files\level</Filter>
    </ClCompile>
    <ClCompile Include="src\level\Particle.cpp">
      <Filter>Source Files\level</Filter>
    </ClCompile>
    <ClCompile Include="src\level\Ship.cpp">
      <Filter>Source Files\level</Filter>
    </ClCompile>
    <ClCompile Include="src\physics\CollisionObject.cpp">
      <Filter>Source Files\physics</Filter>
    </ClCompile>
    <ClCompile Include="src\physics\Line.cpp">
      <Filter>Source Files\physics</Filter>
    </ClCompile>
    <ClCompile Include="src\physics\Rectangle.cpp">
      <Filter>Source Files\physics</Filter>
    </ClCompile>
    <ClCompile Include="src\physics\Quadtree.cpp">
      <Filter>Source Files\physics</Filter>
    </ClCompile>
    <ClCompile Include="src\renderer\glad.c">
      <Filter>Source Files\renderer</Filter>
    </ClCompile>
    <ClCompile Include="src\Renderer\GPUobject.cpp">
      <Filter>Source Files\renderer</Filter>
    </ClCompile>
    <ClCompile Include="src\Renderer\GPUobjectManager.cpp">
      <Filter>Source Files\renderer</Filter>
    </ClCompile>
    <ClCompile Include="src\Renderer\Renderer.cpp">
      <Filter>Source Files\renderer</Filter>
    </ClCompile>
    <ClCompile Include="src\Renderer\RenderObject.cpp">
      <Filter>Source Files\renderer</Filter>
    </ClCompile>
    <ClCompile Include="src\Renderer\Shader.cpp">
      <Filter>Source Files\renderer</Filter>
    </ClCompile>
    <ClCompile Include="src\renderer\DebugLine.cpp">
      <Filter>Source Files\renderer</Filter>
    </ClCompile>
    <ClCompile Include="src\level\GameObject.cpp">
      <Filter>Source Files\level</Filter>
    </ClCompile>
    <ClCompile Include="src\renderer\GLinitialiser.cpp">
      <Filter>Source Files\renderer</Filter>
    </ClCompile>
    <ClCompile Include="src\level\Transform.cpp">
      <Filter>Source Files\level</Filter>
    </ClCompile>
    <ClCompile Include="src\RNG.cpp">
      <Filter>Source Files</Filter>
    </ClCompile>
    <ClCompile Include="src\physics\SliceObject.cpp">
      <Filter>Source Files</Filter>
    </ClCompile>
  </ItemGroup>
  <ItemGroup>
    <ClInclude Include="src\Config.h">
      <Filter>Header Files</Filter>
    </ClInclude>
    <ClInclude Include="src\Models.h">
      <Filter>Header Files</Filter>
    </ClInclude>
    <ClInclude Include="src\Renderer\GPUobject.h">
      <Filter>Header Files</Filter>
    </ClInclude>
    <ClInclude Include="src\Renderer\GPUobjectManager.h">
      <Filter>Header Files</Filter>
    </ClInclude>
    <ClInclude Include="src\Renderer\InstanceVertexAttributes.h">
      <Filter>Header Files</Filter>
    </ClInclude>
    <ClInclude Include="src\Renderer\Renderer.h">
      <Filter>Header Files</Filter>
    </ClInclude>
    <ClInclude Include="src\Renderer\RenderObject.h">
      <Filter>Header Files</Filter>
    </ClInclude>
    <ClInclude Include="src\Renderer\Shader.h">
      <Filter>Header Files</Filter>
    </ClInclude>
    <ClInclude Include="src\level\Asteroid.h">
      <Filter>Header Files</Filter>
    </ClInclude>
    <ClInclude Include="src\level\Laser.h">
      <Filter>Header Files</Filter>
    </ClInclude>
    <ClInclude Include="src\level\LevelManager.h">
      <Filter>Header Files</Filter>
    </ClInclude>
    <ClInclude Include="src\level\Particle.h">
      <Filter>Header Files</Filter>
    </ClInclude>
    <ClInclude Include="src\level\Ship.h">
      <Filter>Header Files</Filter>
    </ClInclude>
    <ClInclude Include="src\physics\CollisionObject.h">
      <Filter>Header Files</Filter>
    </ClInclude>
    <ClInclude Include="src\physics\Line.h">
      <Filter>Header Files</Filter>
    </ClInclude>
    <ClInclude Include="src\physics\Quadtree.h">
      <Filter>Header Files</Filter>
    </ClInclude>
    <ClInclude Include="src\physics\Rectangle.h">
      <Filter>Header Files</Filter>
    </ClInclude>
    <ClInclude Include="src\renderer\GLinitialiser.h">
      <Filter>Header Files</Filter>
    </ClInclude>
    <ClInclude Include="src\level\GameObject.h">
      <Filter>Header Files</Filter>
    </ClInclude>
    <ClInclude Include="src\renderer\DebugLine.h">
      <Filter>Header Files</Filter>
    </ClInclude>
    <ClInclude Include="src\RNG.h">
      <Filter>Header Files</Filter>
    </ClInclude>
    <ClInclude Include="src\physics\SliceObject.h">
      <Filter>Header Files</Filter>
    </ClInclude>
  </ItemGroup>
  <ItemGroup>
    <None Include="src\level\Transform.h">
      <Filter>Header Files</Filter>
    </None>
  </ItemGroup>
</Project>